
Microsoft Visual Studio Solution File, Format Version 12.00
# Visual Studio Version 17
VisualStudioVersion = 17.9.34723.18
MinimumVisualStudioVersion = 10.0.40219.1
Project("{FAE04EC0-301F-11D3-BF4B-00C04F79EFBC}") = "rac-image-resizer", "rac-image-resizer\rac-image-resizer.csproj", "{CE54F20C-5AE5-4CBC-A52A-CE5505192E71}"
EndProject
Global
	GlobalSection(SolutionConfigurationPlatforms) = preSolution
		Debug|Any CPU = Debug|Any CPU
		Release|Any CPU = Release|Any CPU
	EndGlobalSection
	GlobalSection(ProjectConfigurationPlatforms) = postSolution
		{CE54F20C-5AE5-4CBC-A52A-CE5505192E71}.Debug|Any CPU.ActiveCfg = Debug|Any CPU
		{CE54F20C-5AE5-4CBC-A52A-CE5505192E71}.Debug|Any CPU.Build.0 = Debug|Any CPU
		{CE54F20C-5AE5-4CBC-A52A-CE5505192E71}.Debug|Any CPU.Deploy.0 = Debug|Any CPU
		{CE54F20C-5AE5-4CBC-A52A-CE5505192E71}.Release|Any CPU.ActiveCfg = Release|Any CPU
		{CE54F20C-5AE5-4CBC-A52A-CE5505192E71}.Release|Any CPU.Build.0 = Release|Any CPU
		{CE54F20C-5AE5-4CBC-A52A-CE5505192E71}.Release|Any CPU.Deploy.0 = Release|Any CPU
	EndGlobalSection
	GlobalSection(SolutionProperties) = preSolution
		HideSolutionNode = FALSE
	EndGlobalSection
	GlobalSection(ExtensibilityGlobals) = postSolution
		SolutionGuid = {F492163B-F13D-4B40-BF66-19195143FDE4}
	EndGlobalSection
EndGlobal
